
Microsoft Visual Studio Solution File, Format Version 12.00
# Visual Studio Version 17
VisualStudioVersion = 17.0.31903.59
MinimumVisualStudioVersion = 10.0.40219.1
Project("{FAE04EC0-301F-11D3-BF4B-00C04F79EFBC}") = "myShop.web", "myShop.web\myShop.web.csproj", "{0FC376FE-CDFB-4934-AA3D-F8EEA9EF4C69}"
EndProject
Project("{FAE04EC0-301F-11D3-BF4B-00C04F79EFBC}") = "myShop.DataAccess", "myShop.DataAcsses\myShop.DataAccess.csproj", "{0191E1CC-FC45-4F6F-ADCA-A0FE0D11F545}"
EndProject
Project("{FAE04EC0-301F-11D3-BF4B-00C04F79EFBC}") = "myShop.Entities", "myShop.Entities\myShop.Entities.csproj", "{FFD754C5-C7D6-46D4-981A-C54A1999B3FB}"
EndProject
Project("{FAE04EC0-301F-11D3-BF4B-00C04F79EFBC}") = "myShop.Utilities", "myShop.Utilities\myShop.Utilities.csproj", "{FCF7FE82-B407-4036-8433-60243A7D3169}"
EndProject
Global
	GlobalSection(SolutionConfigurationPlatforms) = preSolution
		Debug|Any CPU = Debug|Any CPU
		Release|Any CPU = Release|Any CPU
	EndGlobalSection
	GlobalSection(ProjectConfigurationPlatforms) = postSolution
		{0FC376FE-CDFB-4934-AA3D-F8EEA9EF4C69}.Debug|Any CPU.ActiveCfg = Debug|Any CPU
		{0FC376FE-CDFB-4934-AA3D-F8EEA9EF4C69}.Debug|Any CPU.Build.0 = Debug|Any CPU
		{0FC376FE-CDFB-4934-AA3D-F8EEA9EF4C69}.Release|Any CPU.ActiveCfg = Release|Any CPU
		{0FC376FE-CDFB-4934-AA3D-F8EEA9EF4C69}.Release|Any CPU.Build.0 = Release|Any CPU
		{0191E1CC-FC45-4F6F-ADCA-A0FE0D11F545}.Debug|Any CPU.ActiveCfg = Debug|Any CPU
		{0191E1CC-FC45-4F6F-ADCA-A0FE0D11F545}.Debug|Any CPU.Build.0 = Debug|Any CPU
		{0191E1CC-FC45-4F6F-ADCA-A0FE0D11F545}.Release|Any CPU.ActiveCfg = Release|Any CPU
		{0191E1CC-FC45-4F6F-ADCA-A0FE0D11F545}.Release|Any CPU.Build.0 = Release|Any CPU
		{FFD754C5-C7D6-46D4-981A-C54A1999B3FB}.Debug|Any CPU.ActiveCfg = Debug|Any CPU
		{FFD754C5-C7D6-46D4-981A-C54A1999B3FB}.Debug|Any CPU.Build.0 = Debug|Any CPU
		{FFD754C5-C7D6-46D4-981A-C54A1999B3FB}.Release|Any CPU.ActiveCfg = Release|Any CPU
		{FFD754C5-C7D6-46D4-981A-C54A1999B3FB}.Release|Any CPU.Build.0 = Release|Any CPU
		{FCF7FE82-B407-4036-8433-60243A7D3169}.Debug|Any CPU.ActiveCfg = Debug|Any CPU
		{FCF7FE82-B407-4036-8433-60243A7D3169}.Debug|Any CPU.Build.0 = Debug|Any CPU
		{FCF7FE82-B407-4036-8433-60243A7D3169}.Release|Any CPU.ActiveCfg = Release|Any CPU
		{FCF7FE82-B407-4036-8433-60243A7D3169}.Release|Any CPU.Build.0 = Release|Any CPU
	EndGlobalSection
	GlobalSection(SolutionProperties) = preSolution
		HideSolutionNode = FALSE
	EndGlobalSection
EndGlobal
